
Microsoft Visual Studio Solution File, Format Version 12.00
# Visual Studio Version 17
VisualStudioVersion = 17.0.32126.317
MinimumVisualStudioVersion = 10.0.40219.1
Project("{9A19103F-16F7-4668-BE54-9A1E7A4F7556}") = "FaceRecCustom", "FaceRecCustom\FaceRecCustom.csproj", "{8CADDF23-F5A0-4877-9E41-0149D95C4531}"
EndProject
Global
	GlobalSection(SolutionConfigurationPlatforms) = preSolution
		Debug|Any CPU = Debug|Any CPU
		Debug|x64 = Debug|x64
		Release|Any CPU = Release|Any CPU
		Release|x64 = Release|x64
	EndGlobalSection
	GlobalSection(ProjectConfigurationPlatforms) = postSolution
		{8CADDF23-F5A0-4877-9E41-0149D95C4531}.Debug|Any CPU.ActiveCfg = Debug|Any CPU
		{8CADDF23-F5A0-4877-9E41-0149D95C4531}.Debug|Any CPU.Build.0 = Debug|Any CPU
		{8CADDF23-F5A0-4877-9E41-0149D95C4531}.Debug|x64.ActiveCfg = Debug|x64
		{8CADDF23-F5A0-4877-9E41-0149D95C4531}.Debug|x64.Build.0 = Debug|x64
		{8CADDF23-F5A0-4877-9E41-0149D95C4531}.Release|Any CPU.ActiveCfg = Debug|Any CPU
		{8CADDF23-F5A0-4877-9E41-0149D95C4531}.Release|x64.ActiveCfg = Debug|x64
		{6E9E5ABF-EA88-437E-8E84-8C82C59F41EC}.Debug|Any CPU.ActiveCfg = Debug|Any CPU
		{6E9E5ABF-EA88-437E-8E84-8C82C59F41EC}.Debug|Any CPU.Build.0 = Debug|Any CPU
		{6E9E5ABF-EA88-437E-8E84-8C82C59F41EC}.Debug|x64.ActiveCfg = Debug|Any CPU
		{6E9E5ABF-EA88-437E-8E84-8C82C59F41EC}.Debug|x64.Build.0 = Debug|Any CPU
		{6E9E5ABF-EA88-437E-8E84-8C82C59F41EC}.Release|Any CPU.ActiveCfg = Release|Any CPU
		{6E9E5ABF-EA88-437E-8E84-8C82C59F41EC}.Release|Any CPU.Build.0 = Release|Any CPU
		{6E9E5ABF-EA88-437E-8E84-8C82C59F41EC}.Release|x64.ActiveCfg = Release|Any CPU
		{6E9E5ABF-EA88-437E-8E84-8C82C59F41EC}.Release|x64.Build.0 = Release|Any CPU
	EndGlobalSection
	GlobalSection(SolutionProperties) = preSolution
		HideSolutionNode = FALSE
	EndGlobalSection
	GlobalSection(ExtensibilityGlobals) = postSolution
		SolutionGuid = {6581416A-0114-4B69-8CA9-F662A8B533D7}
	EndGlobalSection
EndGlobal
